
Microsoft Visual Studio Solution File, Format Version 12.00
# Visual Studio 2012
Project("{FAE04EC0-301F-11D3-BF4B-00C04F79EFBC}") = "LMS_3", "LMS_3\LMS_3.csproj", "{567C8A2C-808F-460A-B0C2-30960A963022}"
EndProject
Global
	GlobalSection(SolutionConfigurationPlatforms) = preSolution
		Debug|Any CPU = Debug|Any CPU
		Release|Any CPU = Release|Any CPU
	EndGlobalSection
	GlobalSection(ProjectConfigurationPlatforms) = postSolution
		{567C8A2C-808F-460A-B0C2-30960A963022}.Debug|Any CPU.ActiveCfg = Debug|Any CPU
		{567C8A2C-808F-460A-B0C2-30960A963022}.Debug|Any CPU.Build.0 = Debug|Any CPU
		{567C8A2C-808F-460A-B0C2-30960A963022}.Release|Any CPU.ActiveCfg = Release|Any CPU
		{567C8A2C-808F-460A-B0C2-30960A963022}.Release|Any CPU.Build.0 = Release|Any CPU
	EndGlobalSection
	GlobalSection(SolutionProperties) = preSolution
		HideSolutionNode = FALSE
	EndGlobalSection
EndGlobal
